
Microsoft Visual Studio Solution File, Format Version 12.00
# Visual Studio Version 17
VisualStudioVersion = 17.7.34031.279
MinimumVisualStudioVersion = 10.0.40219.1
Project("{FAE04EC0-301F-11D3-BF4B-00C04F79EFBC}") = "HotelRoomWPF", "HotelRoomWPF\HotelRoomWPF.csproj", "{1EAC2481-2371-45EE-B0EF-85AC6655892F}"
EndProject
Global
	GlobalSection(SolutionConfigurationPlatforms) = preSolution
		Debug|Any CPU = Debug|Any CPU
		Release|Any CPU = Release|Any CPU
	EndGlobalSection
	GlobalSection(ProjectConfigurationPlatforms) = postSolution
		{1EAC2481-2371-45EE-B0EF-85AC6655892F}.Debug|Any CPU.ActiveCfg = Debug|Any CPU
		{1EAC2481-2371-45EE-B0EF-85AC6655892F}.Debug|Any CPU.Build.0 = Debug|Any CPU
		{1EAC2481-2371-45EE-B0EF-85AC6655892F}.Release|Any CPU.ActiveCfg = Release|Any CPU
		{1EAC2481-2371-45EE-B0EF-85AC6655892F}.Release|Any CPU.Build.0 = Release|Any CPU
	EndGlobalSection
	GlobalSection(SolutionProperties) = preSolution
		HideSolutionNode = FALSE
	EndGlobalSection
	GlobalSection(ExtensibilityGlobals) = postSolution
		SolutionGuid = {AE094A7F-7E4C-457B-9BD5-3E913471076A}
	EndGlobalSection
EndGlobal
